
Microsoft Visual Studio Solution File, Format Version 12.00
# Visual Studio Version 17
VisualStudioVersion = 17.1.32210.238
MinimumVisualStudioVersion = 10.0.40219.1
Project("{FAE04EC0-301F-11D3-BF4B-00C04F79EFBC}") = "DotnetAngular", "DotnetAngular\DotnetAngular.csproj", "{DC34EBC9-0B44-4604-98A0-FD58223BB85A}"
EndProject
Global
	GlobalSection(SolutionConfigurationPlatforms) = preSolution
		Debug|Any CPU = Debug|Any CPU
		Release|Any CPU = Release|Any CPU
	EndGlobalSection
	GlobalSection(ProjectConfigurationPlatforms) = postSolution
		{DC34EBC9-0B44-4604-98A0-FD58223BB85A}.Debug|Any CPU.ActiveCfg = Debug|Any CPU
		{DC34EBC9-0B44-4604-98A0-FD58223BB85A}.Debug|Any CPU.Build.0 = Debug|Any CPU
		{DC34EBC9-0B44-4604-98A0-FD58223BB85A}.Release|Any CPU.ActiveCfg = Release|Any CPU
		{DC34EBC9-0B44-4604-98A0-FD58223BB85A}.Release|Any CPU.Build.0 = Release|Any CPU
	EndGlobalSection
	GlobalSection(SolutionProperties) = preSolution
		HideSolutionNode = FALSE
	EndGlobalSection
	GlobalSection(ExtensibilityGlobals) = postSolution
		SolutionGuid = {42362598-3B57-4F50-BE5D-DC1FC19F73F3}
	EndGlobalSection
EndGlobal
